
Microsoft Visual Studio Solution File, Format Version 12.00
# Visual Studio Version 17
VisualStudioVersion = 17.4.33213.308
MinimumVisualStudioVersion = 10.0.40219.1
Project("{2150E333-8FDC-42A3-9474-1A3956D46DE8}") = "Services", "Services", "{F4C89940-3EE8-4D3F-A83F-F44CF30726C7}"
EndProject
Project("{2150E333-8FDC-42A3-9474-1A3956D46DE8}") = "Catalog", "Catalog", "{9078AD0B-D4D6-4988-8823-AAD780EC8EE1}"
EndProject
Project("{9A19103F-16F7-4668-BE54-9A1E7A4F7556}") = "Catalog.API", "Services\Catalog\Catalog.API\Catalog.API.csproj", "{C4105D74-C295-440D-8B02-AC126D71553A}"
EndProject
Project("{E53339B2-1760-4266-BCC7-CA923CBCF16C}") = "docker-compose", "docker-compose.dcproj", "{1B06A57A-5EAB-47AC-A34B-2DB838FB3E0D}"
EndProject
Project("{2150E333-8FDC-42A3-9474-1A3956D46DE8}") = "Basket", "Basket", "{E8DF7343-73EB-4944-868A-0DDEA708CE87}"
EndProject
Project("{9A19103F-16F7-4668-BE54-9A1E7A4F7556}") = "Basket.API", "Services\Basket\Basket.API\Basket.API.csproj", "{B05C3A77-0384-470D-B258-CE961E9ECEA6}"
EndProject
Project("{2150E333-8FDC-42A3-9474-1A3956D46DE8}") = "Discount", "Discount", "{5640EADA-DDC8-453B-B8B1-1979B60AAA38}"
EndProject
Project("{9A19103F-16F7-4668-BE54-9A1E7A4F7556}") = "Discount.API", "Services\Discount\Discount.API\Discount.API.csproj", "{46FACDB3-D384-497A-9DB3-7441942F99EB}"
EndProject
Global
	GlobalSection(SolutionConfigurationPlatforms) = preSolution
		Debug|Any CPU = Debug|Any CPU
		Release|Any CPU = Release|Any CPU
	EndGlobalSection
	GlobalSection(ProjectConfigurationPlatforms) = postSolution
		{C4105D74-C295-440D-8B02-AC126D71553A}.Debug|Any CPU.ActiveCfg = Debug|Any CPU
		{C4105D74-C295-440D-8B02-AC126D71553A}.Debug|Any CPU.Build.0 = Debug|Any CPU
		{C4105D74-C295-440D-8B02-AC126D71553A}.Release|Any CPU.ActiveCfg = Release|Any CPU
		{C4105D74-C295-440D-8B02-AC126D71553A}.Release|Any CPU.Build.0 = Release|Any CPU
		{1B06A57A-5EAB-47AC-A34B-2DB838FB3E0D}.Debug|Any CPU.ActiveCfg = Debug|Any CPU
		{1B06A57A-5EAB-47AC-A34B-2DB838FB3E0D}.Debug|Any CPU.Build.0 = Debug|Any CPU
		{1B06A57A-5EAB-47AC-A34B-2DB838FB3E0D}.Release|Any CPU.ActiveCfg = Release|Any CPU
		{1B06A57A-5EAB-47AC-A34B-2DB838FB3E0D}.Release|Any CPU.Build.0 = Release|Any CPU
		{B05C3A77-0384-470D-B258-CE961E9ECEA6}.Debug|Any CPU.ActiveCfg = Debug|Any CPU
		{B05C3A77-0384-470D-B258-CE961E9ECEA6}.Debug|Any CPU.Build.0 = Debug|Any CPU
		{B05C3A77-0384-470D-B258-CE961E9ECEA6}.Release|Any CPU.ActiveCfg = Release|Any CPU
		{B05C3A77-0384-470D-B258-CE961E9ECEA6}.Release|Any CPU.Build.0 = Release|Any CPU
		{46FACDB3-D384-497A-9DB3-7441942F99EB}.Debug|Any CPU.ActiveCfg = Debug|Any CPU
		{46FACDB3-D384-497A-9DB3-7441942F99EB}.Debug|Any CPU.Build.0 = Debug|Any CPU
		{46FACDB3-D384-497A-9DB3-7441942F99EB}.Release|Any CPU.ActiveCfg = Release|Any CPU
		{46FACDB3-D384-497A-9DB3-7441942F99EB}.Release|Any CPU.Build.0 = Release|Any CPU
	EndGlobalSection
	GlobalSection(SolutionProperties) = preSolution
		HideSolutionNode = FALSE
	EndGlobalSection
	GlobalSection(NestedProjects) = preSolution
		{9078AD0B-D4D6-4988-8823-AAD780EC8EE1} = {F4C89940-3EE8-4D3F-A83F-F44CF30726C7}
		{C4105D74-C295-440D-8B02-AC126D71553A} = {9078AD0B-D4D6-4988-8823-AAD780EC8EE1}
		{E8DF7343-73EB-4944-868A-0DDEA708CE87} = {F4C89940-3EE8-4D3F-A83F-F44CF30726C7}
		{B05C3A77-0384-470D-B258-CE961E9ECEA6} = {E8DF7343-73EB-4944-868A-0DDEA708CE87}
		{5640EADA-DDC8-453B-B8B1-1979B60AAA38} = {F4C89940-3EE8-4D3F-A83F-F44CF30726C7}
		{46FACDB3-D384-497A-9DB3-7441942F99EB} = {5640EADA-DDC8-453B-B8B1-1979B60AAA38}
	EndGlobalSection
	GlobalSection(ExtensibilityGlobals) = postSolution
		SolutionGuid = {43052305-7EAB-486A-AE51-BDB4757C66A2}
	EndGlobalSection
EndGlobal
